# This file is autogenerated, do not edit; changes may be undone by the next 'dep ensure'.


[[projects]]
  branch = "master"
  name = "github.com/dt/depdemolib"
  packages = ["."]
  revision = "81310091dea17224cbf39ae984b95287a06d9c5b"

[[projects]]
  name = "github.com/pkg/errors"
  packages = ["."]
  revision = "645ef00459ed84a119197bfb8d8205042c6df63d"
  version = "v0.8.0"

[solve-meta]
  analyzer-name = "dep"
  analyzer-version = 1
  inputs-digest = "0fbe6abe2c95e1920ad401e798a90c4d2853fe84bb71fc409f50e5f656e6ae18"
  solver-name = "gps-cdcl"
  solver-version = 1
